// !$*UTF8*$!
{
	archiveVersion = 1;
	classes = {
	};
	objectVersion = 46;
	objects = {

/* Begin PBXBuildFile section */
		92F24B2E1C09170D006BB140 /* AppDelegate.swift in Sources */ = {isa = PBXBuildFile; fileRef = 92F24B2D1C09170D006BB140 /* AppDelegate.swift */; };
		92F24B301C09170D006BB140 /* ViewController.swift in Sources */ = {isa = PBXBuildFile; fileRef = 92F24B2F1C09170D006BB140 /* ViewController.swift */; };
		92F24B331C09170D006BB140 /* Main.storyboard in Resources */ = {isa = PBXBuildFile; fileRef = 92F24B311C09170D006BB140 /* Main.storyboard */; };
		92F24B351C09170D006BB140 /* Assets.xcassets in Resources */ = {isa = PBXBuildFile; fileRef = 92F24B341C09170D006BB140 /* Assets.xcassets */; };
		92F24B381C09170D006BB140 /* LaunchScreen.storyboard in Resources */ = {isa = PBXBuildFile; fileRef = 92F24B361C09170D006BB140 /* LaunchScreen.storyboard */; };
		92F24B431C09170D006BB140 /* segwaysTests.swift in Sources */ = {isa = PBXBuildFile; fileRef = 92F24B421C09170D006BB140 /* segwaysTests.swift */; };
		92F24B4E1C09170D006BB140 /* segwaysUITests.swift in Sources */ = {isa = PBXBuildFile; fileRef = 92F24B4D1C09170D006BB140 /* segwaysUITests.swift */; };
/* End PBXBuildFile section */

/* Begin PBXContainerItemProxy section */
		92F24B3F1C09170D006BB140 /* PBXContainerItemProxy */ = {
			isa = PBXContainerItemProxy;
			containerPortal = 92F24B221C09170D006BB140 /* Project object */;
			proxyType = 1;
			remoteGlobalIDString = 92F24B291C09170D006BB140;
			remoteInfo = segways;
		};
		92F24B4A1C09170D006BB140 /* PBXContainerItemProxy */ = {
			isa = PBXContainerItemProxy;
			containerPortal = 92F24B221C09170D006BB140 /* Project object */;
			proxyType = 1;
			remoteGlobalIDString = 92F24B291C09170D006BB140;
			remoteInfo = segways;
		};
/* End PBXContainerItemProxy section */

/* Begin PBXFileReference section */
		92F24B2A1C09170D006BB140 /* segways.app */ = {isa = PBXFileReference; explicitFileType = wrapper.application; includeInIndex = 0; path = segways.app; sourceTree = BUILT_PRODUCTS_DIR; };
		92F24B2D1C09170D006BB140 /* AppDelegate.swift */ = {isa = PBXFileReference; lastKnownFileType = sourcecode.swift; path = AppDelegate.swift; sourceTree = "<group>"; };
		92F24B2F1C09170D006BB140 /* ViewController.swift */ = {isa = PBXFileReference; lastKnownFileType = sourcecode.swift; path = ViewController.swift; sourceTree = "<group>"; };
		92F24B321C09170D006BB140 /* Base */ = {isa = PBXFileReference; lastKnownFileType = file.storyboard; name = Base; path = Base.lproj/Main.storyboard; sourceTree = "<group>"; };
		92F24B341C09170D006BB140 /* Assets.xcassets */ = {isa = PBXFileReference; lastKnownFileType = folder.assetcatalog; path = Assets.xcassets; sourceTree = "<group>"; };
		92F24B371C09170D006BB140 /* Base */ = {isa = PBXFileReference; lastKnownFileType = file.storyboard; name = Base; path = Base.lproj/LaunchScreen.storyboard; sourceTree = "<group>"; };
		92F24B391C09170D006BB140 /* Info.plist */ = {isa = PBXFileReference; lastKnownFileType = text.plist.xml; path = Info.plist; sourceTree = "<group>"; };
		92F24B3E1C09170D006BB140 /* segwaysTests.xctest */ = {isa = PBXFileReference; explicitFileType = wrapper.cfbundle; includeInIndex = 0; path = segwaysTests.xctest; sourceTree = BUILT_PRODUCTS_DIR; };
		92F24B421C09170D006BB140 /* segwaysTests.swift */ = {isa = PBXFileReference; lastKnownFileType = sourcecode.swift; path = segwaysTests.swift; sourceTree = "<group>"; };
		92F24B441C09170D006BB140 /* Info.plist */ = {isa = PBXFileReference; lastKnownFileType = text.plist.xml; path = Info.plist; sourceTree = "<group>"; };
		92F24B491C09170D006BB140 /* segwaysUITests.xctest */ = {isa = PBXFileReference; explicitFileType = wrapper.cfbundle; includeInIndex = 0; path = segwaysUITests.xctest; sourceTree = BUILT_PRODUCTS_DIR; };
		92F24B4D1C09170D006BB140 /* segwaysUITests.swift */ = {isa = PBXFileReference; lastKnownFileType = sourcecode.swift; path = segwaysUITests.swift; sourceTree = "<group>"; };
		92F24B4F1C09170D006BB140 /* Info.plist */ = {isa = PBXFileReference; lastKnownFileType = text.plist.xml; path = Info.plist; sourceTree = "<group>"; };
/* End PBXFileReference section */

/* Begin PBXFrameworksBuildPhase section */
		92F24B271C09170D006BB140 /* Frameworks */ = {
			isa = PBXFrameworksBuildPhase;
			buildActionMask = 2147483647;
			files = (
			);
			runOnlyForDeploymentPostprocessing = 0;
		};
		92F24B3B1C09170D006BB140 /* Frameworks */ = {
			isa = PBXFrameworksBuildPhase;
			buildActionMask = 2147483647;
			files = (
			);
			runOnlyForDeploymentPostprocessing = 0;
		};
		92F24B461C09170D006BB140 /* Frameworks */ = {
			isa = PBXFrameworksBuildPhase;
			buildActionMask = 2147483647;
			files = (
			);
			runOnlyForDeploymentPostprocessing = 0;
		};
/* End PBXFrameworksBuildPhase section */

/* Begin PBXGroup section */
		92F24B211C09170D006BB140 = {
			isa = PBXGroup;
			children = (
				92F24B2C1C09170D006BB140 /* segways */,
				92F24B411C09170D006BB140 /* segwaysTests */,
				92F24B4C1C09170D006BB140 /* segwaysUITests */,
				92F24B2B1C09170D006BB140 /* Products */,
			);
			sourceTree = "<group>";
		};
		92F24B2B1C09170D006BB140 /* Products */ = {
			isa = PBXGroup;
			children = (
				92F24B2A1C09170D006BB140 /* segways.app */,
				92F24B3E1C09170D006BB140 /* segwaysTests.xctest */,
				92F24B491C09170D006BB140 /* segwaysUITests.xctest */,
			);
			name = Products;
			sourceTree = "<group>";
		};
		92F24B2C1C09170D006BB140 /* segways */ = {
			isa = PBXGroup;
			children = (
				92F24B2D1C09170D006BB140 /* AppDelegate.swift */,
				92F24B2F1C09170D006BB140 /* ViewController.swift */,
				92F24B311C09170D006BB140 /* Main.storyboard */,
				92F24B341C09170D006BB140 /* Assets.xcassets */,
				92F24B361C09170D006BB140 /* LaunchScreen.storyboard */,
				92F24B391C09170D006BB140 /* Info.plist */,
			);
			path = segways;
			sourceTree = "<group>";
		};
		92F24B411C09170D006BB140 /* segwaysTests */ = {
			isa = PBXGroup;
			children = (
				92F24B421C09170D006BB140 /* segwaysTests.swift */,
				92F24B441C09170D006BB140 /* Info.plist */,
			);
			path = segwaysTests;
			sourceTree = "<group>";
		};
		92F24B4C1C09170D006BB140 /* segwaysUITests */ = {
			isa = PBXGroup;
			children = (
				92F24B4D1C09170D006BB140 /* segwaysUITests.swift */,
				92F24B4F1C09170D006BB140 /* Info.plist */,
			);
			path = segwaysUITests;
			sourceTree = "<group>";
		};
/* End PBXGroup section */

/* Begin PBXNativeTarget section */
		92F24B291C09170D006BB140 /* segways */ = {
			isa = PBXNativeTarget;
			buildConfigurationList = 92F24B521C09170D006BB140 /* Build configuration list for PBXNativeTarget "segways" */;
			buildPhases = (
				92F24B261C09170D006BB140 /* Sources */,
				92F24B271C09170D006BB140 /* Frameworks */,
				92F24B281C09170D006BB140 /* Resources */,
			);
			buildRules = (
			);
			dependencies = (
			);
			name = segways;
			productName = segways;
			productReference = 92F24B2A1C09170D006BB140 /* segways.app */;
			productType = "com.apple.product-type.application";
		};
		92F24B3D1C09170D006BB140 /* segwaysTests */ = {
			isa = PBXNativeTarget;
			buildConfigurationList = 92F24B551C09170D006BB140 /* Build configuration list for PBXNativeTarget "segwaysTests" */;
			buildPhases = (
				92F24B3A1C09170D006BB140 /* Sources */,
				92F24B3B1C09170D006BB140 /* Frameworks */,
				92F24B3C1C09170D006BB140 /* Resources */,
			);
			buildRules = (
			);
			dependencies = (
				92F24B401C09170D006BB140 /* PBXTargetDependency */,
			);
			name = segwaysTests;
			productName = segwaysTests;
			productReference = 92F24B3E1C09170D006BB140 /* segwaysTests.xctest */;
			productType = "com.apple.product-type.bundle.unit-test";
		};
		92F24B481C09170D006BB140 /* segwaysUITests */ = {
			isa = PBXNativeTarget;
			buildConfigurationList = 92F24B581C09170D006BB140 /* Build configuration list for PBXNativeTarget "segwaysUITests" */;
			buildPhases = (
				92F24B451C09170D006BB140 /* Sources */,
				92F24B461C09170D006BB140 /* Frameworks */,
				92F24B471C09170D006BB140 /* Resources */,
			);
			buildRules = (
			);
			dependencies = (
				92F24B4B1C09170D006BB140 /* PBXTargetDependency */,
			);
			name = segwaysUITests;
			productName = segwaysUITests;
			productReference = 92F24B491C09170D006BB140 /* segwaysUITests.xctest */;
			productType = "com.apple.product-type.bundle.ui-testing";
		};
/* End PBXNativeTarget section */

/* Begin PBXProject section */
		92F24B221C09170D006BB140 /* Project object */ = {
			isa = PBXProject;
			attributes = {
				LastSwiftUpdateCheck = 0710;
				LastUpgradeCheck = 0710;
				ORGANIZATIONNAME = "Joaquim Patrick Ramos Grilo";
				TargetAttributes = {
					92F24B291C09170D006BB140 = {
						CreatedOnToolsVersion = 7.1.1;
						DevelopmentTeam = CMDUXU5VCF;
					};
					92F24B3D1C09170D006BB140 = {
						CreatedOnToolsVersion = 7.1.1;
						DevelopmentTeam = CMDUXU5VCF;
						TestTargetID = 92F24B291C09170D006BB140;
					};
					92F24B481C09170D006BB140 = {
						CreatedOnToolsVersion = 7.1.1;
						DevelopmentTeam = CMDUXU5VCF;
						TestTargetID = 92F24B291C09170D006BB140;
					};
				};
			};
			buildConfigurationList = 92F24B251C09170D006BB140 /* Build configuration list for PBXProject "segways" */;
			compatibilityVersion = "Xcode 3.2";
			developmentRegion = English;
			hasScannedForEncodings = 0;
			knownRegions = (
				en,
				Base,
			);
			mainGroup = 92F24B211C09170D006BB140;
			productRefGroup = 92F24B2B1C09170D006BB140 /* Products */;
			projectDirPath = "";
			projectRoot = "";
			targets = (
				92F24B291C09170D006BB140 /* segways */,
				92F24B3D1C09170D006BB140 /* segwaysTests */,
				92F24B481C09170D006BB140 /* segwaysUITests */,
			);
		};
/* End PBXProject section */

/* Begin PBXResourcesBuildPhase section */
		92F24B281C09170D006BB140 /* Resources */ = {
			isa = PBXResourcesBuildPhase;
			buildActionMask = 2147483647;
			files = (
				92F24B381C09170D006BB140 /* LaunchScreen.storyboard in Resources */,
				92F24B351C09170D006BB140 /* Assets.xcassets in Resources */,
				92F24B331C09170D006BB140 /* Main.storyboard in Resources */,
			);
			runOnlyForDeploymentPostprocessing = 0;
		};
		92F24B3C1C09170D006BB140 /* Resources */ = {
			isa = PBXResourcesBuildPhase;
			buildActionMask = 2147483647;
			files = (
			);
			runOnlyForDeploymentPostprocessing = 0;
		};
		92F24B471C09170D006BB140 /* Resources */ = {
			isa = PBXResourcesBuildPhase;
			buildActionMask = 2147483647;
			files = (
			);
			runOnlyForDeploymentPostprocessing = 0;
		};
/* End PBXResourcesBuildPhase section */

/* Begin PBXSourcesBuildPhase section */
		92F24B261C09170D006BB140 /* Sources */ = {
			isa = PBXSourcesBuildPhase;
			buildActionMask = 2147483647;
			files = (
				92F24B301C09170D006BB140 /* ViewController.swift in Sources */,
				92F24B2E1C09170D006BB140 /* AppDelegate.swift in Sources */,
			);
			runOnlyForDeploymentPostprocessing = 0;
		};
		92F24B3A1C09170D006BB140 /* Sources */ = {
			isa = PBXSourcesBuildPhase;
			buildActionMask = 2147483647;
			files = (
				92F24B431C09170D006BB140 /* segwaysTests.swift in Sources */,
			);
			runOnlyForDeploymentPostprocessing = 0;
		};
		92F24B451C09170D006BB140 /* Sources */ = {
			isa = PBXSourcesBuildPhase;
			buildActionMask = 2147483647;
			files = (
				92F24B4E1C09170D006BB140 /* segwaysUITests.swift in Sources */,
			);
			runOnlyForDeploymentPostprocessing = 0;
		};
/* End PBXSourcesBuildPhase section */

/* Begin PBXTargetDependency section */
		92F24B401C09170D006BB140 /* PBXTargetDependency */ = {
			isa = PBXTargetDependency;
			target = 92F24B291C09170D006BB140 /* segways */;
			targetProxy = 92F24B3F1C09170D006BB140 /* PBXContainerItemProxy */;
		};
		92F24B4B1C09170D006BB140 /* PBXTargetDependency */ = {
			isa = PBXTargetDependency;
			target = 92F24B291C09170D006BB140 /* segways */;
			targetProxy = 92F24B4A1C09170D006BB140 /* PBXContainerItemProxy */;
		};
/* End PBXTargetDependency section */

/* Begin PBXVariantGroup section */
		92F24B311C09170D006BB140 /* Main.storyboard */ = {
			isa = PBXVariantGroup;
			children = (
				92F24B321C09170D006BB140 /* Base */,
			);
			name = Main.storyboard;
			sourceTree = "<group>";
		};
		92F24B361C09170D006BB140 /* LaunchScreen.storyboard */ = {
			isa = PBXVariantGroup;
			children = (
				92F24B371C09170D006BB140 /* Base */,
			);
			name = LaunchScreen.storyboard;
			sourceTree = "<group>";
		};
/* End PBXVariantGroup section */

/* Begin XCBuildConfiguration section */
		92F24B501C09170D006BB140 /* Debug */ = {
			isa = XCBuildConfiguration;
			buildSettings = {
				ALWAYS_SEARCH_USER_PATHS = NO;
				CLANG_CXX_LANGUAGE_STANDARD = "gnu++0x";
				CLANG_CXX_LIBRARY = "libc++";
				CLANG_ENABLE_MODULES = YES;
				CLANG_ENABLE_OBJC_ARC = YES;
				CLANG_WARN_BOOL_CONVERSION = YES;
				CLANG_WARN_CONSTANT_CONVERSION = YES;
				CLANG_WARN_DIRECT_OBJC_ISA_USAGE = YES_ERROR;
				CLANG_WARN_EMPTY_BODY = YES;
				CLANG_WARN_ENUM_CONVERSION = YES;
				CLANG_WARN_INT_CONVERSION = YES;
				CLANG_WARN_OBJC_ROOT_CLASS = YES_ERROR;
				CLANG_WARN_UNREACHABLE_CODE = YES;
				CLANG_WARN__DUPLICATE_METHOD_MATCH = YES;
				"CODE_SIGN_IDENTITY[sdk=iphoneos*]" = "iPhone Developer";
				COPY_PHASE_STRIP = NO;
				DEBUG_INFORMATION_FORMAT = dwarf;
				ENABLE_STRICT_OBJC_MSGSEND = YES;
				ENABLE_TESTABILITY = YES;
				GCC_C_LANGUAGE_STANDARD = gnu99;
				GCC_DYNAMIC_NO_PIC = NO;
				GCC_NO_COMMON_BLOCKS = YES;
				GCC_OPTIMIZATION_LEVEL = 0;
				GCC_PREPROCESSOR_DEFINITIONS = (
					"DEBUG=1",
					"$(inherited)",
				);
				GCC_WARN_64_TO_32_BIT_CONVERSION = YES;
				GCC_WARN_ABOUT_RETURN_TYPE = YES_ERROR;
				GCC_WARN_UNDECLARED_SELECTOR = YES;
				GCC_WARN_UNINITIALIZED_AUTOS = YES_AGGRESSIVE;
				GCC_WARN_UNUSED_FUNCTION = YES;
				GCC_WARN_UNUSED_VARIABLE = YES;
				IPHONEOS_DEPLOYMENT_TARGET = 9.1;
				MTL_ENABLE_DEBUG_INFO = YES;
				ONLY_ACTIVE_ARCH = YES;
				SDKROOT = iphoneos;
				SWIFT_OPTIMIZATION_LEVEL = "-Onone";
				TARGETED_DEVICE_FAMILY = "1,2";
			};
			name = Debug;
		};
		92F24B511C09170D006BB140 /* Release */ = {
			isa = XCBuildConfiguration;
			buildSettings = {
				ALWAYS_SEARCH_USER_PATHS = NO;
				CLANG_CXX_LANGUAGE_STANDARD = "gnu++0x";
				CLANG_CXX_LIBRARY = "libc++";
				CLANG_ENABLE_MODULES = YES;
				CLANG_ENABLE_OBJC_ARC = YES;
				CLANG_WARN_BOOL_CONVERSION = YES;
				CLANG_WARN_CONSTANT_CONVERSION = YES;
				CLANG_WARN_DIRECT_OBJC_ISA_USAGE = YES_ERROR;
				CLANG_WARN_EMPTY_BODY = YES;
				CLANG_WARN_ENUM_CONVERSION = YES;
				CLANG_WARN_INT_CONVERSION = YES;
				CLANG_WARN_OBJC_ROOT_CLASS = YES_ERROR;
				CLANG_WARN_UNREACHABLE_CODE = YES;
				CLANG_WARN__DUPLICATE_METHOD_MATCH = YES;
				"CODE_SIGN_IDENTITY[sdk=iphoneos*]" = "iPhone Developer";
				COPY_PHASE_STRIP = NO;
				DEBUG_INFORMATION_FORMAT = "dwarf-with-dsym";
				ENABLE_NS_ASSERTIONS = NO;
				ENABLE_STRICT_OBJC_MSGSEND = YES;
				GCC_C_LANGUAGE_STANDARD = gnu99;
				GCC_NO_COMMON_BLOCKS = YES;
				GCC_WARN_64_TO_32_BIT_CONVERSION = YES;
				GCC_WARN_ABOUT_RETURN_TYPE = YES_ERROR;
				GCC_WARN_UNDECLARED_SELECTOR = YES;
				GCC_WARN_UNINITIALIZED_AUTOS = YES_AGGRESSIVE;
				GCC_WARN_UNUSED_FUNCTION = YES;
				GCC_WARN_UNUSED_VARIABLE = YES;
				IPHONEOS_DEPLOYMENT_TARGET = 9.1;
				MTL_ENABLE_DEBUG_INFO = NO;
				SDKROOT = iphoneos;
				TARGETED_DEVICE_FAMILY = "1,2";
				VALIDATE_PRODUCT = YES;
			};
			name = Release;
		};
		92F24B531C09170D006BB140 /* Debug */ = {
			isa = XCBuildConfiguration;
			buildSettings = {
				ASSETCATALOG_COMPILER_APPICON_NAME = AppIcon;
				INFOPLIST_FILE = segways/Info.plist;
				LD_RUNPATH_SEARCH_PATHS = "$(inherited) @executable_path/Frameworks";
				PRODUCT_BUNDLE_IDENTIFIER = Ankwido.segways;
				PRODUCT_NAME = "$(TARGET_NAME)";
			};
			name = Debug;
		};
		92F24B541C09170D006BB140 /* Release */ = {
			isa = XCBuildConfiguration;
			buildSettings = {
				ASSETCATALOG_COMPILER_APPICON_NAME = AppIcon;
				INFOPLIST_FILE = segways/Info.plist;
				LD_RUNPATH_SEARCH_PATHS = "$(inherited) @executable_path/Frameworks";
				PRODUCT_BUNDLE_IDENTIFIER = Ankwido.segways;
				PRODUCT_NAME = "$(TARGET_NAME)";
			};
			name = Release;
		};
		92F24B561C09170D006BB140 /* Debug */ = {
			isa = XCBuildConfiguration;
			buildSettings = {
				BUNDLE_LOADER = "$(TEST_HOST)";
				INFOPLIST_FILE = segwaysTests/Info.plist;
				LD_RUNPATH_SEARCH_PATHS = "$(inherited) @executable_path/Frameworks @loader_path/Frameworks";
				PRODUCT_BUNDLE_IDENTIFIER = Ankwido.segwaysTests;
				PRODUCT_NAME = "$(TARGET_NAME)";
				TEST_HOST = "$(BUILT_PRODUCTS_DIR)/segways.app/segways";
			};
			name = Debug;
		};
		92F24B571C09170D006BB140 /* Release */ = {
			isa = XCBuildConfiguration;
			buildSettings = {
				BUNDLE_LOADER = "$(TEST_HOST)";
				INFOPLIST_FILE = segwaysTests/Info.plist;
				LD_RUNPATH_SEARCH_PATHS = "$(inherited) @executable_path/Frameworks @loader_path/Frameworks";
				PRODUCT_BUNDLE_IDENTIFIER = Ankwido.segwaysTests;
				PRODUCT_NAME = "$(TARGET_NAME)";
				TEST_HOST = "$(BUILT_PRODUCTS_DIR)/segways.app/segways";
			};
			name = Release;
		};
		92F24B591C09170D006BB140 /* Debug */ = {
			isa = XCBuildConfiguration;
			buildSettings = {
				INFOPLIST_FILE = segwaysUITests/Info.plist;
				LD_RUNPATH_SEARCH_PATHS = "$(inherited) @executable_path/Frameworks @loader_path/Frameworks";
				PRODUCT_BUNDLE_IDENTIFIER = Ankwido.segwaysUITests;
				PRODUCT_NAME = "$(TARGET_NAME)";
				TEST_TARGET_NAME = segways;
				USES_XCTRUNNER = YES;
			};
			name = Debug;
		};
		92F24B5A1C09170D006BB140 /* Release */ = {
			isa = XCBuildConfiguration;
			buildSettings = {
				INFOPLIST_FILE = segwaysUITests/Info.plist;
				LD_RUNPATH_SEARCH_PATHS = "$(inherited) @executable_path/Frameworks @loader_path/Frameworks";
				PRODUCT_BUNDLE_IDENTIFIER = Ankwido.segwaysUITests;
				PRODUCT_NAME = "$(TARGET_NAME)";
				TEST_TARGET_NAME = segways;
				USES_XCTRUNNER = YES;
			};
			name = Release;
		};
/* End XCBuildConfiguration section */

/* Begin XCConfigurationList section */
		92F24B251C09170D006BB140 /* Build configuration list for PBXProject "segways" */ = {
			isa = XCConfigurationList;
			buildConfigurations = (
				92F24B501C09170D006BB140 /* Debug */,
				92F24B511C09170D006BB140 /* Release */,
			);
			defaultConfigurationIsVisible = 0;
			defaultConfigurationName = Release;
		};
		92F24B521C09170D006BB140 /* Build configuration list for PBXNativeTarget "segways" */ = {
			isa = XCConfigurationList;
			buildConfigurations = (
				92F24B531C09170D006BB140 /* Debug */,
				92F24B541C09170D006BB140 /* Release */,
			);
			defaultConfigurationIsVisible = 0;
		};
		92F24B551C09170D006BB140 /* Build configuration list for PBXNativeTarget "segwaysTests" */ = {
			isa = XCConfigurationList;
			buildConfigurations = (
				92F24B561C09170D006BB140 /* Debug */,
				92F24B571C09170D006BB140 /* Release */,
			);
			defaultConfigurationIsVisible = 0;
		};
		92F24B581C09170D006BB140 /* Build configuration list for PBXNativeTarget "segwaysUITests" */ = {
			isa = XCConfigurationList;
			buildConfigurations = (
				92F24B591C09170D006BB140 /* Debug */,
				92F24B5A1C09170D006BB140 /* Release */,
			);
			defaultConfigurationIsVisible = 0;
		};
/* End XCConfigurationList section */
	};
	rootObject = 92F24B221C09170D006BB140 /* Project object */;
}
